<?xml version="1.0" encoding="utf-8"?>
<Project ToolsVersion="18.0" xmlns="http://schemas.microsoft.com/developer/msbuild/2003">
  <ItemGroup>
    <ClCompile Include="E:\Win-LinSync\MyProjects\Fun\NIYATI\linux\platforms\windows\winmain.cpp">
      <Filter>Source Files</Filter>
    </ClCompile>
  </ItemGroup>
  <ItemGroup>
    <CustomBuild Include="E:\Win-LinSync\MyProjects\Fun\NIYATI\linux\CMakeLists.txt" />
  </ItemGroup>
  <ItemGroup>
    <Filter Include="Source Files">
      <UniqueIdentifier>{DD06B78B-FF87-3DAF-A64F-D55793E15275}</UniqueIdentifier>
    </Filter>
  </ItemGroup>
</Project>
